
Microsoft Visual Studio Solution File, Format Version 12.00
# Visual Studio Version 17
Project("{8BC9CEB8-8B4A-11D0-8D11-00A0C91BC942}") = "ALL_BUILD", "ALL_BUILD.vcxproj", "{1C5D0407-FCE2-358F-A327-2201B36553F8}"
	ProjectSection(ProjectDependencies) = postProject
		{1E5361E9-E9DF-3639-971A-8461687608B8} = {1E5361E9-E9DF-3639-971A-8461687608B8}
		{2595C7E7-93A2-3EC4-92E0-89453FB12CC2} = {2595C7E7-93A2-3EC4-92E0-89453FB12CC2}
	EndProjectSection
EndProject
Project("{8BC9CEB8-8B4A-11D0-8D11-00A0C91BC942}") = "ZERO_CHECK", "ZERO_CHECK.vcxproj", "{1E5361E9-E9DF-3639-971A-8461687608B8}"
	ProjectSection(ProjectDependencies) = postProject
	EndProjectSection
EndProject
Project("{8BC9CEB8-8B4A-11D0-8D11-00A0C91BC942}") = "engine", "engine.vcxproj", "{2595C7E7-93A2-3EC4-92E0-89453FB12CC2}"
	ProjectSection(ProjectDependencies) = postProject
		{1E5361E9-E9DF-3639-971A-8461687608B8} = {1E5361E9-E9DF-3639-971A-8461687608B8}
	EndProjectSection
EndProject
Global
	GlobalSection(SolutionConfigurationPlatforms) = preSolution
		Debug|x64 = Debug|x64
		Release|x64 = Release|x64
		MinSizeRel|x64 = MinSizeRel|x64
		RelWithDebInfo|x64 = RelWithDebInfo|x64
	EndGlobalSection
	GlobalSection(ProjectConfigurationPlatforms) = postSolution
		{1C5D0407-FCE2-358F-A327-2201B36553F8}.Debug|x64.ActiveCfg = Debug|x64
		{1C5D0407-FCE2-358F-A327-2201B36553F8}.Release|x64.ActiveCfg = Release|x64
		{1C5D0407-FCE2-358F-A327-2201B36553F8}.MinSizeRel|x64.ActiveCfg = MinSizeRel|x64
		{1C5D0407-FCE2-358F-A327-2201B36553F8}.RelWithDebInfo|x64.ActiveCfg = RelWithDebInfo|x64
		{1E5361E9-E9DF-3639-971A-8461687608B8}.Debug|x64.ActiveCfg = Debug|x64
		{1E5361E9-E9DF-3639-971A-8461687608B8}.Debug|x64.Build.0 = Debug|x64
		{1E5361E9-E9DF-3639-971A-8461687608B8}.Release|x64.ActiveCfg = Release|x64
		{1E5361E9-E9DF-3639-971A-8461687608B8}.Release|x64.Build.0 = Release|x64
		{1E5361E9-E9DF-3639-971A-8461687608B8}.MinSizeRel|x64.ActiveCfg = MinSizeRel|x64
		{1E5361E9-E9DF-3639-971A-8461687608B8}.MinSizeRel|x64.Build.0 = MinSizeRel|x64
		{1E5361E9-E9DF-3639-971A-8461687608B8}.RelWithDebInfo|x64.ActiveCfg = RelWithDebInfo|x64
		{1E5361E9-E9DF-3639-971A-8461687608B8}.RelWithDebInfo|x64.Build.0 = RelWithDebInfo|x64
		{2595C7E7-93A2-3EC4-92E0-89453FB12CC2}.Debug|x64.ActiveCfg = Debug|x64
		{2595C7E7-93A2-3EC4-92E0-89453FB12CC2}.Debug|x64.Build.0 = Debug|x64
		{2595C7E7-93A2-3EC4-92E0-89453FB12CC2}.Release|x64.ActiveCfg = Release|x64
		{2595C7E7-93A2-3EC4-92E0-89453FB12CC2}.Release|x64.Build.0 = Release|x64
		{2595C7E7-93A2-3EC4-92E0-89453FB12CC2}.MinSizeRel|x64.ActiveCfg = MinSizeRel|x64
		{2595C7E7-93A2-3EC4-92E0-89453FB12CC2}.MinSizeRel|x64.Build.0 = MinSizeRel|x64
		{2595C7E7-93A2-3EC4-92E0-89453FB12CC2}.RelWithDebInfo|x64.ActiveCfg = RelWithDebInfo|x64
		{2595C7E7-93A2-3EC4-92E0-89453FB12CC2}.RelWithDebInfo|x64.Build.0 = RelWithDebInfo|x64
	EndGlobalSection
	GlobalSection(ExtensibilityGlobals) = postSolution
		SolutionGuid = {AFE431A6-A60E-31B4-910B-912555BCDB30}
	EndGlobalSection
	GlobalSection(ExtensibilityAddIns) = postSolution
	EndGlobalSection
EndGlobal
